
Microsoft Visual Studio Solution File, Format Version 12.00
# Visual Studio Version 16
VisualStudioVersion = 16.0.30907.101
MinimumVisualStudioVersion = 10.0.40219.1
Project("{FAE04EC0-301F-11D3-BF4B-00C04F79EFBC}") = "zodiacsign", "zodiacsign\zodiacsign.csproj", "{D43C565B-F08B-48A9-9998-176112BB0060}"
EndProject
Global
	GlobalSection(SolutionConfigurationPlatforms) = preSolution
		Debug|Any CPU = Debug|Any CPU
		Release|Any CPU = Release|Any CPU
	EndGlobalSection
	GlobalSection(ProjectConfigurationPlatforms) = postSolution
		{D43C565B-F08B-48A9-9998-176112BB0060}.Debug|Any CPU.ActiveCfg = Debug|Any CPU
		{D43C565B-F08B-48A9-9998-176112BB0060}.Debug|Any CPU.Build.0 = Debug|Any CPU
		{D43C565B-F08B-48A9-9998-176112BB0060}.Release|Any CPU.ActiveCfg = Release|Any CPU
		{D43C565B-F08B-48A9-9998-176112BB0060}.Release|Any CPU.Build.0 = Release|Any CPU
	EndGlobalSection
	GlobalSection(SolutionProperties) = preSolution
		HideSolutionNode = FALSE
	EndGlobalSection
	GlobalSection(ExtensibilityGlobals) = postSolution
		SolutionGuid = {C92C1EEF-CD23-452F-A9B6-026DB798619A}
	EndGlobalSection
EndGlobal
